
Microsoft Visual Studio Solution File, Format Version 12.00
# Visual Studio 2013
VisualStudioVersion = 12.0.21005.1
MinimumVisualStudioVersion = 10.0.40219.1
Project("{E24C65DC-7377-472B-9ABA-BC803B73C61A}") = "FileTransfer", "http://localhost:63281", "{A8E6F527-0D93-4E00-8C52-B416E2D1EEB0}"
	ProjectSection(WebsiteProperties) = preProject
		UseIISExpress = "true"
		TargetFrameworkMoniker = ".NETFramework,Version%3Dv4.5"
		ProjectReferences = "{cc8fbbed-2648-43e1-a583-8a8c8e132a26}|FileTransferLib.dll;"
		Debug.AspNetCompiler.VirtualPath = "/localhost_63281"
		Debug.AspNetCompiler.PhysicalPath = "..\..\FileTransfer\"
		Debug.AspNetCompiler.TargetPath = "PrecompiledWeb\localhost_63281\"
		Debug.AspNetCompiler.Updateable = "true"
		Debug.AspNetCompiler.ForceOverwrite = "true"
		Debug.AspNetCompiler.FixedNames = "false"
		Debug.AspNetCompiler.Debug = "True"
		Release.AspNetCompiler.VirtualPath = "/localhost_63281"
		Release.AspNetCompiler.PhysicalPath = "..\..\FileTransfer\"
		Release.AspNetCompiler.TargetPath = "PrecompiledWeb\localhost_63281\"
		Release.AspNetCompiler.Updateable = "true"
		Release.AspNetCompiler.ForceOverwrite = "true"
		Release.AspNetCompiler.FixedNames = "false"
		Release.AspNetCompiler.Debug = "False"
		SlnRelativePath = "..\..\FileTransfer\"
		DefaultWebSiteLanguage = "Visual C#"
	EndProjectSection
EndProject
Project("{FAE04EC0-301F-11D3-BF4B-00C04F79EFBC}") = "FileTransferLib", "FileTransferLib\FileTransferLib.csproj", "{CC8FBBED-2648-43E1-A583-8A8C8E132A26}"
EndProject
Global
	GlobalSection(SolutionConfigurationPlatforms) = preSolution
		Debug|Any CPU = Debug|Any CPU
		Release|Any CPU = Release|Any CPU
	EndGlobalSection
	GlobalSection(ProjectConfigurationPlatforms) = postSolution
		{A8E6F527-0D93-4E00-8C52-B416E2D1EEB0}.Debug|Any CPU.ActiveCfg = Debug|Any CPU
		{A8E6F527-0D93-4E00-8C52-B416E2D1EEB0}.Debug|Any CPU.Build.0 = Debug|Any CPU
		{A8E6F527-0D93-4E00-8C52-B416E2D1EEB0}.Release|Any CPU.ActiveCfg = Debug|Any CPU
		{A8E6F527-0D93-4E00-8C52-B416E2D1EEB0}.Release|Any CPU.Build.0 = Debug|Any CPU
		{CC8FBBED-2648-43E1-A583-8A8C8E132A26}.Debug|Any CPU.ActiveCfg = Debug|Any CPU
		{CC8FBBED-2648-43E1-A583-8A8C8E132A26}.Debug|Any CPU.Build.0 = Debug|Any CPU
		{CC8FBBED-2648-43E1-A583-8A8C8E132A26}.Release|Any CPU.ActiveCfg = Release|Any CPU
		{CC8FBBED-2648-43E1-A583-8A8C8E132A26}.Release|Any CPU.Build.0 = Release|Any CPU
	EndGlobalSection
	GlobalSection(SolutionProperties) = preSolution
		HideSolutionNode = FALSE
	EndGlobalSection
EndGlobal
